
Microsoft Visual Studio Solution File, Format Version 12.00
# Visual Studio 14
VisualStudioVersion = 14.0.25420.1
MinimumVisualStudioVersion = 10.0.40219.1
Project("{FAE04EC0-301F-11D3-BF4B-00C04F79EFBC}") = "Parse12306 CSharp", "Parse12306 CSharp\Parse12306 CSharp.csproj", "{8BB3CD34-307C-45A5-9BC9-E7689B4DCFDE}"
EndProject
Project("{FAE04EC0-301F-11D3-BF4B-00C04F79EFBC}") = "Routing Info Viewer", "Routing Info Viewer\Routing Info Viewer.csproj", "{3EE3CDE4-BA42-4E49-A0C3-B60017EC24E4}"
EndProject
Project("{FAE04EC0-301F-11D3-BF4B-00C04F79EFBC}") = "Unicode GB2312 Filename Converter", "Unicode GB2312 Filename Converter\Unicode GB2312 Filename Converter.csproj", "{085FEEFE-4570-45CC-BA84-E395403AF769}"
EndProject
Project("{FAE04EC0-301F-11D3-BF4B-00C04F79EFBC}") = "客里表Library", "客里表Library\客里表Library.csproj", "{BF90731D-76E3-485F-86A4-DDE69FA43C85}"
EndProject
Project("{FAE04EC0-301F-11D3-BF4B-00C04F79EFBC}") = "客里表WPF版", "客里表WPF版\客里表WPF版.csproj", "{E56866BF-E7FB-4598-972E-6E34AB2FD8E2}"
EndProject
Global
	GlobalSection(SolutionConfigurationPlatforms) = preSolution
		Debug|Any CPU = Debug|Any CPU
		Debug|x86 = Debug|x86
		Release|Any CPU = Release|Any CPU
		Release|x86 = Release|x86
	EndGlobalSection
	GlobalSection(ProjectConfigurationPlatforms) = postSolution
		{8BB3CD34-307C-45A5-9BC9-E7689B4DCFDE}.Debug|Any CPU.ActiveCfg = Debug|Any CPU
		{8BB3CD34-307C-45A5-9BC9-E7689B4DCFDE}.Debug|Any CPU.Build.0 = Debug|Any CPU
		{8BB3CD34-307C-45A5-9BC9-E7689B4DCFDE}.Debug|x86.ActiveCfg = Debug|Any CPU
		{8BB3CD34-307C-45A5-9BC9-E7689B4DCFDE}.Debug|x86.Build.0 = Debug|Any CPU
		{8BB3CD34-307C-45A5-9BC9-E7689B4DCFDE}.Release|Any CPU.ActiveCfg = Release|Any CPU
		{8BB3CD34-307C-45A5-9BC9-E7689B4DCFDE}.Release|Any CPU.Build.0 = Release|Any CPU
		{8BB3CD34-307C-45A5-9BC9-E7689B4DCFDE}.Release|x86.ActiveCfg = Release|Any CPU
		{8BB3CD34-307C-45A5-9BC9-E7689B4DCFDE}.Release|x86.Build.0 = Release|Any CPU
		{3EE3CDE4-BA42-4E49-A0C3-B60017EC24E4}.Debug|Any CPU.ActiveCfg = Debug|Any CPU
		{3EE3CDE4-BA42-4E49-A0C3-B60017EC24E4}.Debug|Any CPU.Build.0 = Debug|Any CPU
		{3EE3CDE4-BA42-4E49-A0C3-B60017EC24E4}.Debug|x86.ActiveCfg = Debug|x86
		{3EE3CDE4-BA42-4E49-A0C3-B60017EC24E4}.Debug|x86.Build.0 = Debug|x86
		{3EE3CDE4-BA42-4E49-A0C3-B60017EC24E4}.Release|Any CPU.ActiveCfg = Release|Any CPU
		{3EE3CDE4-BA42-4E49-A0C3-B60017EC24E4}.Release|Any CPU.Build.0 = Release|Any CPU
		{3EE3CDE4-BA42-4E49-A0C3-B60017EC24E4}.Release|x86.ActiveCfg = Release|Any CPU
		{3EE3CDE4-BA42-4E49-A0C3-B60017EC24E4}.Release|x86.Build.0 = Release|Any CPU
		{085FEEFE-4570-45CC-BA84-E395403AF769}.Debug|Any CPU.ActiveCfg = Debug|x86
		{085FEEFE-4570-45CC-BA84-E395403AF769}.Debug|Any CPU.Build.0 = Debug|x86
		{085FEEFE-4570-45CC-BA84-E395403AF769}.Debug|x86.ActiveCfg = Debug|x86
		{085FEEFE-4570-45CC-BA84-E395403AF769}.Debug|x86.Build.0 = Debug|x86
		{085FEEFE-4570-45CC-BA84-E395403AF769}.Release|Any CPU.ActiveCfg = Release|x86
		{085FEEFE-4570-45CC-BA84-E395403AF769}.Release|x86.ActiveCfg = Release|x86
		{085FEEFE-4570-45CC-BA84-E395403AF769}.Release|x86.Build.0 = Release|x86
		{BF90731D-76E3-485F-86A4-DDE69FA43C85}.Debug|Any CPU.ActiveCfg = Debug|Any CPU
		{BF90731D-76E3-485F-86A4-DDE69FA43C85}.Debug|Any CPU.Build.0 = Debug|Any CPU
		{BF90731D-76E3-485F-86A4-DDE69FA43C85}.Debug|x86.ActiveCfg = Debug|Any CPU
		{BF90731D-76E3-485F-86A4-DDE69FA43C85}.Debug|x86.Build.0 = Debug|Any CPU
		{BF90731D-76E3-485F-86A4-DDE69FA43C85}.Release|Any CPU.ActiveCfg = Release|Any CPU
		{BF90731D-76E3-485F-86A4-DDE69FA43C85}.Release|Any CPU.Build.0 = Release|Any CPU
		{BF90731D-76E3-485F-86A4-DDE69FA43C85}.Release|x86.ActiveCfg = Release|Any CPU
		{BF90731D-76E3-485F-86A4-DDE69FA43C85}.Release|x86.Build.0 = Release|Any CPU
		{E56866BF-E7FB-4598-972E-6E34AB2FD8E2}.Debug|Any CPU.ActiveCfg = Debug|Any CPU
		{E56866BF-E7FB-4598-972E-6E34AB2FD8E2}.Debug|Any CPU.Build.0 = Debug|Any CPU
		{E56866BF-E7FB-4598-972E-6E34AB2FD8E2}.Debug|x86.ActiveCfg = Debug|x86
		{E56866BF-E7FB-4598-972E-6E34AB2FD8E2}.Debug|x86.Build.0 = Debug|x86
		{E56866BF-E7FB-4598-972E-6E34AB2FD8E2}.Release|Any CPU.ActiveCfg = Release|Any CPU
		{E56866BF-E7FB-4598-972E-6E34AB2FD8E2}.Release|Any CPU.Build.0 = Release|Any CPU
		{E56866BF-E7FB-4598-972E-6E34AB2FD8E2}.Release|x86.ActiveCfg = Release|Any CPU
		{E56866BF-E7FB-4598-972E-6E34AB2FD8E2}.Release|x86.Build.0 = Release|Any CPU
	EndGlobalSection
	GlobalSection(SolutionProperties) = preSolution
		HideSolutionNode = FALSE
	EndGlobalSection
EndGlobal
